{
  "originHash" : "2c0116b7e52906609ebba0ee20bb6525440aee503a073515a13b68700f004611",
  "pins" : [
    {
      "identity" : "symaira-appkit",
      "kind" : "remoteSourceControl",
      "location" : "https://github.com/danieljustus/symaira-appkit.git",
      "state" : {
        "revision" : "f38b7c08f90ff2d0af485d9edfdb0ea750d6c3a6",
        "version" : "0.1.1"
      }
    }
  ],
  "version" : 3
}
