{
  "originHash" : "37a7320e9a085a887d3c2849bc565acc0225767fd6f4aa9ebd009a713be50d98",
  "pins" : [
    {
      "identity" : "symaira-appkit",
      "kind" : "remoteSourceControl",
      "location" : "https://github.com/danieljustus/symaira-appkit.git",
      "state" : {
        "revision" : "350f91658a4bb7cd12254eb433728227ce9e9bc8",
        "version" : "0.2.0"
      }
    }
  ],
  "version" : 3
}
